// !$*UTF8*$!
{
	archiveVersion = 1;
	classes = {
	};
	objectVersion = 46;
	objects = {

/* Begin PBXBuildFile section */
		0BD6D6E2197D955E00DD7949 /* Foundation.framework in Frameworks */ = {isa = PBXBuildFile; fileRef = 0BD6D6E1197D955E00DD7949 /* Foundation.framework */; };
		0BD6D6E4197D955E00DD7949 /* CoreGraphics.framework in Frameworks */ = {isa = PBXBuildFile; fileRef = 0BD6D6E3197D955E00DD7949 /* CoreGraphics.framework */; };
		0BD6D6E6197D955E00DD7949 /* UIKit.framework in Frameworks */ = {isa = PBXBuildFile; fileRef = 0BD6D6E5197D955E00DD7949 /* UIKit.framework */; };
		0BD6D6EC197D955E00DD7949 /* InfoPlist.strings in Resources */ = {isa = PBXBuildFile; fileRef = 0BD6D6EA197D955E00DD7949 /* InfoPlist.strings */; };
		0BD6D6EE197D955E00DD7949 /* main.m in Sources */ = {isa = PBXBuildFile; fileRef = 0BD6D6ED197D955E00DD7949 /* main.m */; };
		0BD6D6F2197D955E00DD7949 /* AppDelegate.m in Sources */ = {isa = PBXBuildFile; fileRef = 0BD6D6F1197D955E00DD7949 /* AppDelegate.m */; };
		0BD6D6F5197D955E00DD7949 /* Main.storyboard in Resources */ = {isa = PBXBuildFile; fileRef = 0BD6D6F3197D955E00DD7949 /* Main.storyboard */; };
		0BD6D6F8197D955E00DD7949 /* ViewController.m in Sources */ = {isa = PBXBuildFile; fileRef = 0BD6D6F7197D955E00DD7949 /* ViewController.m */; };
		0BD6D6FA197D955E00DD7949 /* Images.xcassets in Resources */ = {isa = PBXBuildFile; fileRef = 0BD6D6F9197D955E00DD7949 /* Images.xcassets */; };
		0BD6D701197D955E00DD7949 /* XCTest.framework in Frameworks */ = {isa = PBXBuildFile; fileRef = 0BD6D700197D955E00DD7949 /* XCTest.framework */; };
		0BD6D702197D955E00DD7949 /* Foundation.framework in Frameworks */ = {isa = PBXBuildFile; fileRef = 0BD6D6E1197D955E00DD7949 /* Foundation.framework */; };
		0BD6D703197D955E00DD7949 /* UIKit.framework in Frameworks */ = {isa = PBXBuildFile; fileRef = 0BD6D6E5197D955E00DD7949 /* UIKit.framework */; };
		0BD6D70B197D955E00DD7949 /* InfoPlist.strings in Resources */ = {isa = PBXBuildFile; fileRef = 0BD6D709197D955E00DD7949 /* InfoPlist.strings */; };
		0BD6D70D197D955E00DD7949 /* IWannaBeBlueTests.m in Sources */ = {isa = PBXBuildFile; fileRef = 0BD6D70C197D955E00DD7949 /* IWannaBeBlueTests.m */; };
/* End PBXBuildFile section */

/* Begin PBXContainerItemProxy section */
		0BD6D704197D955E00DD7949 /* PBXContainerItemProxy */ = {
			isa = PBXContainerItemProxy;
			containerPortal = 0BD6D6D6197D955D00DD7949 /* Project object */;
			proxyType = 1;
			remoteGlobalIDString = 0BD6D6DD197D955E00DD7949;
			remoteInfo = IWannaBeBlue;
		};
/* End PBXContainerItemProxy section */

/* Begin PBXFileReference section */
		0BD6D6DE197D955E00DD7949 /* IWannaBeBlue.app */ = {isa = PBXFileReference; explicitFileType = wrapper.application; includeInIndex = 0; path = IWannaBeBlue.app; sourceTree = BUILT_PRODUCTS_DIR; };
		0BD6D6E1197D955E00DD7949 /* Foundation.framework */ = {isa = PBXFileReference; lastKnownFileType = wrapper.framework; name = Foundation.framework; path = System/Library/Frameworks/Foundation.framework; sourceTree = SDKROOT; };
		0BD6D6E3197D955E00DD7949 /* CoreGraphics.framework */ = {isa = PBXFileReference; lastKnownFileType = wrapper.framework; name = CoreGraphics.framework; path = System/Library/Frameworks/CoreGraphics.framework; sourceTree = SDKROOT; };
		0BD6D6E5197D955E00DD7949 /* UIKit.framework */ = {isa = PBXFileReference; lastKnownFileType = wrapper.framework; name = UIKit.framework; path = System/Library/Frameworks/UIKit.framework; sourceTree = SDKROOT; };
		0BD6D6E9197D955E00DD7949 /* IWannaBeBlue-Info.plist */ = {isa = PBXFileReference; lastKnownFileType = text.plist.xml; path = "IWannaBeBlue-Info.plist"; sourceTree = "<group>"; };
		0BD6D6EB197D955E00DD7949 /* en */ = {isa = PBXFileReference; lastKnownFileType = text.plist.strings; name = en; path = en.lproj/InfoPlist.strings; sourceTree = "<group>"; };
		0BD6D6ED197D955E00DD7949 /* main.m */ = {isa = PBXFileReference; lastKnownFileType = sourcecode.c.objc; path = main.m; sourceTree = "<group>"; };
		0BD6D6EF197D955E00DD7949 /* IWannaBeBlue-Prefix.pch */ = {isa = PBXFileReference; lastKnownFileType = sourcecode.c.h; path = "IWannaBeBlue-Prefix.pch"; sourceTree = "<group>"; };
		0BD6D6F0197D955E00DD7949 /* AppDelegate.h */ = {isa = PBXFileReference; lastKnownFileType = sourcecode.c.h; path = AppDelegate.h; sourceTree = "<group>"; };
		0BD6D6F1197D955E00DD7949 /* AppDelegate.m */ = {isa = PBXFileReference; lastKnownFileType = sourcecode.c.objc; path = AppDelegate.m; sourceTree = "<group>"; };
		0BD6D6F4197D955E00DD7949 /* Base */ = {isa = PBXFileReference; lastKnownFileType = file.storyboard; name = Base; path = Base.lproj/Main.storyboard; sourceTree = "<group>"; };
		0BD6D6F6197D955E00DD7949 /* ViewController.h */ = {isa = PBXFileReference; lastKnownFileType = sourcecode.c.h; path = ViewController.h; sourceTree = "<group>"; };
		0BD6D6F7197D955E00DD7949 /* ViewController.m */ = {isa = PBXFileReference; lastKnownFileType = sourcecode.c.objc; path = ViewController.m; sourceTree = "<group>"; };
		0BD6D6F9197D955E00DD7949 /* Images.xcassets */ = {isa = PBXFileReference; lastKnownFileType = folder.assetcatalog; path = Images.xcassets; sourceTree = "<group>"; };
		0BD6D6FF197D955E00DD7949 /* IWannaBeBlueTests.xctest */ = {isa = PBXFileReference; explicitFileType = wrapper.cfbundle; includeInIndex = 0; path = IWannaBeBlueTests.xctest; sourceTree = BUILT_PRODUCTS_DIR; };
		0BD6D700197D955E00DD7949 /* XCTest.framework */ = {isa = PBXFileReference; lastKnownFileType = wrapper.framework; name = XCTest.framework; path = Library/Frameworks/XCTest.framework; sourceTree = DEVELOPER_DIR; };
		0BD6D708197D955E00DD7949 /* IWannaBeBlueTests-Info.plist */ = {isa = PBXFileReference; lastKnownFileType = text.plist.xml; path = "IWannaBeBlueTests-Info.plist"; sourceTree = "<group>"; };
		0BD6D70A197D955E00DD7949 /* en */ = {isa = PBXFileReference; lastKnownFileType = text.plist.strings; name = en; path = en.lproj/InfoPlist.strings; sourceTree = "<group>"; };
		0BD6D70C197D955E00DD7949 /* IWannaBeBlueTests.m */ = {isa = PBXFileReference; lastKnownFileType = sourcecode.c.objc; path = IWannaBeBlueTests.m; sourceTree = "<group>"; };
/* End PBXFileReference section */

/* Begin PBXFrameworksBuildPhase section */
		0BD6D6DB197D955E00DD7949 /* Frameworks */ = {
			isa = PBXFrameworksBuildPhase;
			buildActionMask = 2147483647;
			files = (
				0BD6D6E4197D955E00DD7949 /* CoreGraphics.framework in Frameworks */,
				0BD6D6E6197D955E00DD7949 /* UIKit.framework in Frameworks */,
				0BD6D6E2197D955E00DD7949 /* Foundation.framework in Frameworks */,
			);
			runOnlyForDeploymentPostprocessing = 0;
		};
		0BD6D6FC197D955E00DD7949 /* Frameworks */ = {
			isa = PBXFrameworksBuildPhase;
			buildActionMask = 2147483647;
			files = (
				0BD6D701197D955E00DD7949 /* XCTest.framework in Frameworks */,
				0BD6D703197D955E00DD7949 /* UIKit.framework in Frameworks */,
				0BD6D702197D955E00DD7949 /* Foundation.framework in Frameworks */,
			);
			runOnlyForDeploymentPostprocessing = 0;
		};
/* End PBXFrameworksBuildPhase section */

/* Begin PBXGroup section */
		0BD6D6D5197D955D00DD7949 = {
			isa = PBXGroup;
			children = (
				0BD6D6E7197D955E00DD7949 /* IWannaBeBlue */,
				0BD6D706197D955E00DD7949 /* IWannaBeBlueTests */,
				0BD6D6E0197D955E00DD7949 /* Frameworks */,
				0BD6D6DF197D955E00DD7949 /* Products */,
			);
			sourceTree = "<group>";
		};
		0BD6D6DF197D955E00DD7949 /* Products */ = {
			isa = PBXGroup;
			children = (
				0BD6D6DE197D955E00DD7949 /* IWannaBeBlue.app */,
				0BD6D6FF197D955E00DD7949 /* IWannaBeBlueTests.xctest */,
			);
			name = Products;
			sourceTree = "<group>";
		};
		0BD6D6E0197D955E00DD7949 /* Frameworks */ = {
			isa = PBXGroup;
			children = (
				0BD6D6E1197D955E00DD7949 /* Foundation.framework */,
				0BD6D6E3197D955E00DD7949 /* CoreGraphics.framework */,
				0BD6D6E5197D955E00DD7949 /* UIKit.framework */,
				0BD6D700197D955E00DD7949 /* XCTest.framework */,
			);
			name = Frameworks;
			sourceTree = "<group>";
		};
		0BD6D6E7197D955E00DD7949 /* IWannaBeBlue */ = {
			isa = PBXGroup;
			children = (
				0BD6D6F0197D955E00DD7949 /* AppDelegate.h */,
				0BD6D6F1197D955E00DD7949 /* AppDelegate.m */,
				0BD6D6F3197D955E00DD7949 /* Main.storyboard */,
				0BD6D6F6197D955E00DD7949 /* ViewController.h */,
				0BD6D6F7197D955E00DD7949 /* ViewController.m */,
				0BD6D6F9197D955E00DD7949 /* Images.xcassets */,
				0BD6D6E8197D955E00DD7949 /* Supporting Files */,
			);
			path = IWannaBeBlue;
			sourceTree = "<group>";
		};
		0BD6D6E8197D955E00DD7949 /* Supporting Files */ = {
			isa = PBXGroup;
			children = (
				0BD6D6E9197D955E00DD7949 /* IWannaBeBlue-Info.plist */,
				0BD6D6EA197D955E00DD7949 /* InfoPlist.strings */,
				0BD6D6ED197D955E00DD7949 /* main.m */,
				0BD6D6EF197D955E00DD7949 /* IWannaBeBlue-Prefix.pch */,
			);
			name = "Supporting Files";
			sourceTree = "<group>";
		};
		0BD6D706197D955E00DD7949 /* IWannaBeBlueTests */ = {
			isa = PBXGroup;
			children = (
				0BD6D70C197D955E00DD7949 /* IWannaBeBlueTests.m */,
				0BD6D707197D955E00DD7949 /* Supporting Files */,
			);
			path = IWannaBeBlueTests;
			sourceTree = "<group>";
		};
		0BD6D707197D955E00DD7949 /* Supporting Files */ = {
			isa = PBXGroup;
			children = (
				0BD6D708197D955E00DD7949 /* IWannaBeBlueTests-Info.plist */,
				0BD6D709197D955E00DD7949 /* InfoPlist.strings */,
			);
			name = "Supporting Files";
			sourceTree = "<group>";
		};
/* End PBXGroup section */

/* Begin PBXNativeTarget section */
		0BD6D6DD197D955E00DD7949 /* IWannaBeBlue */ = {
			isa = PBXNativeTarget;
			buildConfigurationList = 0BD6D710197D955E00DD7949 /* Build configuration list for PBXNativeTarget "IWannaBeBlue" */;
			buildPhases = (
				0BD6D6DA197D955E00DD7949 /* Sources */,
				0BD6D6DB197D955E00DD7949 /* Frameworks */,
				0BD6D6DC197D955E00DD7949 /* Resources */,
			);
			buildRules = (
			);
			dependencies = (
			);
			name = IWannaBeBlue;
			productName = IWannaBeBlue;
			productReference = 0BD6D6DE197D955E00DD7949 /* IWannaBeBlue.app */;
			productType = "com.apple.product-type.application";
		};
		0BD6D6FE197D955E00DD7949 /* IWannaBeBlueTests */ = {
			isa = PBXNativeTarget;
			buildConfigurationList = 0BD6D713197D955E00DD7949 /* Build configuration list for PBXNativeTarget "IWannaBeBlueTests" */;
			buildPhases = (
				0BD6D6FB197D955E00DD7949 /* Sources */,
				0BD6D6FC197D955E00DD7949 /* Frameworks */,
				0BD6D6FD197D955E00DD7949 /* Resources */,
			);
			buildRules = (
			);
			dependencies = (
				0BD6D705197D955E00DD7949 /* PBXTargetDependency */,
			);
			name = IWannaBeBlueTests;
			productName = IWannaBeBlueTests;
			productReference = 0BD6D6FF197D955E00DD7949 /* IWannaBeBlueTests.xctest */;
			productType = "com.apple.product-type.bundle.unit-test";
		};
/* End PBXNativeTarget section */

/* Begin PBXProject section */
		0BD6D6D6197D955D00DD7949 /* Project object */ = {
			isa = PBXProject;
			attributes = {
				LastUpgradeCheck = 0510;
				ORGANIZATIONNAME = "John Blanchard";
				TargetAttributes = {
					0BD6D6FE197D955E00DD7949 = {
						TestTargetID = 0BD6D6DD197D955E00DD7949;
					};
				};
			};
			buildConfigurationList = 0BD6D6D9197D955D00DD7949 /* Build configuration list for PBXProject "IWannaBeBlue" */;
			compatibilityVersion = "Xcode 3.2";
			developmentRegion = English;
			hasScannedForEncodings = 0;
			knownRegions = (
				en,
				Base,
			);
			mainGroup = 0BD6D6D5197D955D00DD7949;
			productRefGroup = 0BD6D6DF197D955E00DD7949 /* Products */;
			projectDirPath = "";
			projectRoot = "";
			targets = (
				0BD6D6DD197D955E00DD7949 /* IWannaBeBlue */,
				0BD6D6FE197D955E00DD7949 /* IWannaBeBlueTests */,
			);
		};
/* End PBXProject section */

/* Begin PBXResourcesBuildPhase section */
		0BD6D6DC197D955E00DD7949 /* Resources */ = {
			isa = PBXResourcesBuildPhase;
			buildActionMask = 2147483647;
			files = (
				0BD6D6FA197D955E00DD7949 /* Images.xcassets in Resources */,
				0BD6D6EC197D955E00DD7949 /* InfoPlist.strings in Resources */,
				0BD6D6F5197D955E00DD7949 /* Main.storyboard in Resources */,
			);
			runOnlyForDeploymentPostprocessing = 0;
		};
		0BD6D6FD197D955E00DD7949 /* Resources */ = {
			isa = PBXResourcesBuildPhase;
			buildActionMask = 2147483647;
			files = (
				0BD6D70B197D955E00DD7949 /* InfoPlist.strings in Resources */,
			);
			runOnlyForDeploymentPostprocessing = 0;
		};
/* End PBXResourcesBuildPhase section */

/* Begin PBXSourcesBuildPhase section */
		0BD6D6DA197D955E00DD7949 /* Sources */ = {
			isa = PBXSourcesBuildPhase;
			buildActionMask = 2147483647;
			files = (
				0BD6D6F8197D955E00DD7949 /* ViewController.m in Sources */,
				0BD6D6F2197D955E00DD7949 /* AppDelegate.m in Sources */,
				0BD6D6EE197D955E00DD7949 /* main.m in Sources */,
			);
			runOnlyForDeploymentPostprocessing = 0;
		};
		0BD6D6FB197D955E00DD7949 /* Sources */ = {
			isa = PBXSourcesBuildPhase;
			buildActionMask = 2147483647;
			files = (
				0BD6D70D197D955E00DD7949 /* IWannaBeBlueTests.m in Sources */,
			);
			runOnlyForDeploymentPostprocessing = 0;
		};
/* End PBXSourcesBuildPhase section */

/* Begin PBXTargetDependency section */
		0BD6D705197D955E00DD7949 /* PBXTargetDependency */ = {
			isa = PBXTargetDependency;
			target = 0BD6D6DD197D955E00DD7949 /* IWannaBeBlue */;
			targetProxy = 0BD6D704197D955E00DD7949 /* PBXContainerItemProxy */;
		};
/* End PBXTargetDependency section */

/* Begin PBXVariantGroup section */
		0BD6D6EA197D955E00DD7949 /* InfoPlist.strings */ = {
			isa = PBXVariantGroup;
			children = (
				0BD6D6EB197D955E00DD7949 /* en */,
			);
			name = InfoPlist.strings;
			sourceTree = "<group>";
		};
		0BD6D6F3197D955E00DD7949 /* Main.storyboard */ = {
			isa = PBXVariantGroup;
			children = (
				0BD6D6F4197D955E00DD7949 /* Base */,
			);
			name = Main.storyboard;
			sourceTree = "<group>";
		};
		0BD6D709197D955E00DD7949 /* InfoPlist.strings */ = {
			isa = PBXVariantGroup;
			children = (
				0BD6D70A197D955E00DD7949 /* en */,
			);
			name = InfoPlist.strings;
			sourceTree = "<group>";
		};
/* End PBXVariantGroup section */

/* Begin XCBuildConfiguration section */
		0BD6D70E197D955E00DD7949 /* Debug */ = {
			isa = XCBuildConfiguration;
			buildSettings = {
				ALWAYS_SEARCH_USER_PATHS = NO;
				CLANG_CXX_LANGUAGE_STANDARD = "gnu++0x";
				CLANG_CXX_LIBRARY = "libc++";
				CLANG_ENABLE_MODULES = YES;
				CLANG_ENABLE_OBJC_ARC = YES;
				CLANG_WARN_BOOL_CONVERSION = YES;
				CLANG_WARN_CONSTANT_CONVERSION = YES;
				CLANG_WARN_DIRECT_OBJC_ISA_USAGE = YES_ERROR;
				CLANG_WARN_EMPTY_BODY = YES;
				CLANG_WARN_ENUM_CONVERSION = YES;
				CLANG_WARN_INT_CONVERSION = YES;
				CLANG_WARN_OBJC_ROOT_CLASS = YES_ERROR;
				CLANG_WARN__DUPLICATE_METHOD_MATCH = YES;
				"CODE_SIGN_IDENTITY[sdk=iphoneos*]" = "iPhone Developer";
				COPY_PHASE_STRIP = NO;
				GCC_C_LANGUAGE_STANDARD = gnu99;
				GCC_DYNAMIC_NO_PIC = NO;
				GCC_OPTIMIZATION_LEVEL = 0;
				GCC_PREPROCESSOR_DEFINITIONS = (
					"DEBUG=1",
					"$(inherited)",
				);
				GCC_SYMBOLS_PRIVATE_EXTERN = NO;
				GCC_WARN_64_TO_32_BIT_CONVERSION = YES;
				GCC_WARN_ABOUT_RETURN_TYPE = YES_ERROR;
				GCC_WARN_UNDECLARED_SELECTOR = YES;
				GCC_WARN_UNINITIALIZED_AUTOS = YES_AGGRESSIVE;
				GCC_WARN_UNUSED_FUNCTION = YES;
				GCC_WARN_UNUSED_VARIABLE = YES;
				IPHONEOS_DEPLOYMENT_TARGET = 7.1;
				ONLY_ACTIVE_ARCH = YES;
				SDKROOT = iphoneos;
			};
			name = Debug;
		};
		0BD6D70F197D955E00DD7949 /* Release */ = {
			isa = XCBuildConfiguration;
			buildSettings = {
				ALWAYS_SEARCH_USER_PATHS = NO;
				CLANG_CXX_LANGUAGE_STANDARD = "gnu++0x";
				CLANG_CXX_LIBRARY = "libc++";
				CLANG_ENABLE_MODULES = YES;
				CLANG_ENABLE_OBJC_ARC = YES;
				CLANG_WARN_BOOL_CONVERSION = YES;
				CLANG_WARN_CONSTANT_CONVERSION = YES;
				CLANG_WARN_DIRECT_OBJC_ISA_USAGE = YES_ERROR;
				CLANG_WARN_EMPTY_BODY = YES;
				CLANG_WARN_ENUM_CONVERSION = YES;
				CLANG_WARN_INT_CONVERSION = YES;
				CLANG_WARN_OBJC_ROOT_CLASS = YES_ERROR;
				CLANG_WARN__DUPLICATE_METHOD_MATCH = YES;
				"CODE_SIGN_IDENTITY[sdk=iphoneos*]" = "iPhone Developer";
				COPY_PHASE_STRIP = YES;
				ENABLE_NS_ASSERTIONS = NO;
				GCC_C_LANGUAGE_STANDARD = gnu99;
				GCC_WARN_64_TO_32_BIT_CONVERSION = YES;
				GCC_WARN_ABOUT_RETURN_TYPE = YES_ERROR;
				GCC_WARN_UNDECLARED_SELECTOR = YES;
				GCC_WARN_UNINITIALIZED_AUTOS = YES_AGGRESSIVE;
				GCC_WARN_UNUSED_FUNCTION = YES;
				GCC_WARN_UNUSED_VARIABLE = YES;
				IPHONEOS_DEPLOYMENT_TARGET = 7.1;
				SDKROOT = iphoneos;
				VALIDATE_PRODUCT = YES;
			};
			name = Release;
		};
		0BD6D711197D955E00DD7949 /* Debug */ = {
			isa = XCBuildConfiguration;
			buildSettings = {
				ASSETCATALOG_COMPILER_APPICON_NAME = AppIcon;
				ASSETCATALOG_COMPILER_LAUNCHIMAGE_NAME = LaunchImage;
				GCC_PRECOMPILE_PREFIX_HEADER = YES;
				GCC_PREFIX_HEADER = "IWannaBeBlue/IWannaBeBlue-Prefix.pch";
				INFOPLIST_FILE = "IWannaBeBlue/IWannaBeBlue-Info.plist";
				PRODUCT_NAME = "$(TARGET_NAME)";
				WRAPPER_EXTENSION = app;
			};
			name = Debug;
		};
		0BD6D712197D955E00DD7949 /* Release */ = {
			isa = XCBuildConfiguration;
			buildSettings = {
				ASSETCATALOG_COMPILER_APPICON_NAME = AppIcon;
				ASSETCATALOG_COMPILER_LAUNCHIMAGE_NAME = LaunchImage;
				GCC_PRECOMPILE_PREFIX_HEADER = YES;
				GCC_PREFIX_HEADER = "IWannaBeBlue/IWannaBeBlue-Prefix.pch";
				INFOPLIST_FILE = "IWannaBeBlue/IWannaBeBlue-Info.plist";
				PRODUCT_NAME = "$(TARGET_NAME)";
				WRAPPER_EXTENSION = app;
			};
			name = Release;
		};
		0BD6D714197D955E00DD7949 /* Debug */ = {
			isa = XCBuildConfiguration;
			buildSettings = {
				BUNDLE_LOADER = "$(BUILT_PRODUCTS_DIR)/IWannaBeBlue.app/IWannaBeBlue";
				FRAMEWORK_SEARCH_PATHS = (
					"$(SDKROOT)/Developer/Library/Frameworks",
					"$(inherited)",
					"$(DEVELOPER_FRAMEWORKS_DIR)",
				);
				GCC_PRECOMPILE_PREFIX_HEADER = YES;
				GCC_PREFIX_HEADER = "IWannaBeBlue/IWannaBeBlue-Prefix.pch";
				GCC_PREPROCESSOR_DEFINITIONS = (
					"DEBUG=1",
					"$(inherited)",
				);
				INFOPLIST_FILE = "IWannaBeBlueTests/IWannaBeBlueTests-Info.plist";
				PRODUCT_NAME = "$(TARGET_NAME)";
				TEST_HOST = "$(BUNDLE_LOADER)";
				WRAPPER_EXTENSION = xctest;
			};
			name = Debug;
		};
		0BD6D715197D955E00DD7949 /* Release */ = {
			isa = XCBuildConfiguration;
			buildSettings = {
				BUNDLE_LOADER = "$(BUILT_PRODUCTS_DIR)/IWannaBeBlue.app/IWannaBeBlue";
				FRAMEWORK_SEARCH_PATHS = (
					"$(SDKROOT)/Developer/Library/Frameworks",
					"$(inherited)",
					"$(DEVELOPER_FRAMEWORKS_DIR)",
				);
				GCC_PRECOMPILE_PREFIX_HEADER = YES;
				GCC_PREFIX_HEADER = "IWannaBeBlue/IWannaBeBlue-Prefix.pch";
				INFOPLIST_FILE = "IWannaBeBlueTests/IWannaBeBlueTests-Info.plist";
				PRODUCT_NAME = "$(TARGET_NAME)";
				TEST_HOST = "$(BUNDLE_LOADER)";
				WRAPPER_EXTENSION = xctest;
			};
			name = Release;
		};
/* End XCBuildConfiguration section */

/* Begin XCConfigurationList section */
		0BD6D6D9197D955D00DD7949 /* Build configuration list for PBXProject "IWannaBeBlue" */ = {
			isa = XCConfigurationList;
			buildConfigurations = (
				0BD6D70E197D955E00DD7949 /* Debug */,
				0BD6D70F197D955E00DD7949 /* Release */,
			);
			defaultConfigurationIsVisible = 0;
			defaultConfigurationName = Release;
		};
		0BD6D710197D955E00DD7949 /* Build configuration list for PBXNativeTarget "IWannaBeBlue" */ = {
			isa = XCConfigurationList;
			buildConfigurations = (
				0BD6D711197D955E00DD7949 /* Debug */,
				0BD6D712197D955E00DD7949 /* Release */,
			);
			defaultConfigurationIsVisible = 0;
		};
		0BD6D713197D955E00DD7949 /* Build configuration list for PBXNativeTarget "IWannaBeBlueTests" */ = {
			isa = XCConfigurationList;
			buildConfigurations = (
				0BD6D714197D955E00DD7949 /* Debug */,
				0BD6D715197D955E00DD7949 /* Release */,
			);
			defaultConfigurationIsVisible = 0;
		};
/* End XCConfigurationList section */
	};
	rootObject = 0BD6D6D6197D955D00DD7949 /* Project object */;
}
