// !$*UTF8*$!
{
	archiveVersion = 1;
	classes = {
	};
	objectVersion = 46;
	objects = {

/* Begin PBXBuildFile section */
		0B8AEFA8198031EC00BF1FA0 /* Foundation.framework in Frameworks */ = {isa = PBXBuildFile; fileRef = 0B8AEFA7198031EC00BF1FA0 /* Foundation.framework */; };
		0B8AEFAA198031EC00BF1FA0 /* CoreGraphics.framework in Frameworks */ = {isa = PBXBuildFile; fileRef = 0B8AEFA9198031EC00BF1FA0 /* CoreGraphics.framework */; };
		0B8AEFAC198031EC00BF1FA0 /* UIKit.framework in Frameworks */ = {isa = PBXBuildFile; fileRef = 0B8AEFAB198031EC00BF1FA0 /* UIKit.framework */; };
		0B8AEFB2198031EC00BF1FA0 /* InfoPlist.strings in Resources */ = {isa = PBXBuildFile; fileRef = 0B8AEFB0198031EC00BF1FA0 /* InfoPlist.strings */; };
		0B8AEFB4198031EC00BF1FA0 /* main.m in Sources */ = {isa = PBXBuildFile; fileRef = 0B8AEFB3198031EC00BF1FA0 /* main.m */; };
		0B8AEFB8198031EC00BF1FA0 /* AppDelegate.m in Sources */ = {isa = PBXBuildFile; fileRef = 0B8AEFB7198031EC00BF1FA0 /* AppDelegate.m */; };
		0B8AEFBB198031EC00BF1FA0 /* Main.storyboard in Resources */ = {isa = PBXBuildFile; fileRef = 0B8AEFB9198031EC00BF1FA0 /* Main.storyboard */; };
		0B8AEFBE198031EC00BF1FA0 /* ViewController.m in Sources */ = {isa = PBXBuildFile; fileRef = 0B8AEFBD198031EC00BF1FA0 /* ViewController.m */; };
		0B8AEFC0198031EC00BF1FA0 /* Images.xcassets in Resources */ = {isa = PBXBuildFile; fileRef = 0B8AEFBF198031EC00BF1FA0 /* Images.xcassets */; };
		0B8AEFC7198031EC00BF1FA0 /* XCTest.framework in Frameworks */ = {isa = PBXBuildFile; fileRef = 0B8AEFC6198031EC00BF1FA0 /* XCTest.framework */; };
		0B8AEFC8198031EC00BF1FA0 /* Foundation.framework in Frameworks */ = {isa = PBXBuildFile; fileRef = 0B8AEFA7198031EC00BF1FA0 /* Foundation.framework */; };
		0B8AEFC9198031EC00BF1FA0 /* UIKit.framework in Frameworks */ = {isa = PBXBuildFile; fileRef = 0B8AEFAB198031EC00BF1FA0 /* UIKit.framework */; };
		0B8AEFD1198031EC00BF1FA0 /* InfoPlist.strings in Resources */ = {isa = PBXBuildFile; fileRef = 0B8AEFCF198031EC00BF1FA0 /* InfoPlist.strings */; };
		0B8AEFD3198031EC00BF1FA0 /* MySafariTests.m in Sources */ = {isa = PBXBuildFile; fileRef = 0B8AEFD2198031EC00BF1FA0 /* MySafariTests.m */; };
/* End PBXBuildFile section */

/* Begin PBXContainerItemProxy section */
		0B8AEFCA198031EC00BF1FA0 /* PBXContainerItemProxy */ = {
			isa = PBXContainerItemProxy;
			containerPortal = 0B8AEF9C198031EC00BF1FA0 /* Project object */;
			proxyType = 1;
			remoteGlobalIDString = 0B8AEFA3198031EC00BF1FA0;
			remoteInfo = MySafari;
		};
/* End PBXContainerItemProxy section */

/* Begin PBXFileReference section */
		0B8AEFA4198031EC00BF1FA0 /* MySafari.app */ = {isa = PBXFileReference; explicitFileType = wrapper.application; includeInIndex = 0; path = MySafari.app; sourceTree = BUILT_PRODUCTS_DIR; };
		0B8AEFA7198031EC00BF1FA0 /* Foundation.framework */ = {isa = PBXFileReference; lastKnownFileType = wrapper.framework; name = Foundation.framework; path = System/Library/Frameworks/Foundation.framework; sourceTree = SDKROOT; };
		0B8AEFA9198031EC00BF1FA0 /* CoreGraphics.framework */ = {isa = PBXFileReference; lastKnownFileType = wrapper.framework; name = CoreGraphics.framework; path = System/Library/Frameworks/CoreGraphics.framework; sourceTree = SDKROOT; };
		0B8AEFAB198031EC00BF1FA0 /* UIKit.framework */ = {isa = PBXFileReference; lastKnownFileType = wrapper.framework; name = UIKit.framework; path = System/Library/Frameworks/UIKit.framework; sourceTree = SDKROOT; };
		0B8AEFAF198031EC00BF1FA0 /* MySafari-Info.plist */ = {isa = PBXFileReference; lastKnownFileType = text.plist.xml; path = "MySafari-Info.plist"; sourceTree = "<group>"; };
		0B8AEFB1198031EC00BF1FA0 /* en */ = {isa = PBXFileReference; lastKnownFileType = text.plist.strings; name = en; path = en.lproj/InfoPlist.strings; sourceTree = "<group>"; };
		0B8AEFB3198031EC00BF1FA0 /* main.m */ = {isa = PBXFileReference; lastKnownFileType = sourcecode.c.objc; path = main.m; sourceTree = "<group>"; };
		0B8AEFB5198031EC00BF1FA0 /* MySafari-Prefix.pch */ = {isa = PBXFileReference; lastKnownFileType = sourcecode.c.h; path = "MySafari-Prefix.pch"; sourceTree = "<group>"; };
		0B8AEFB6198031EC00BF1FA0 /* AppDelegate.h */ = {isa = PBXFileReference; lastKnownFileType = sourcecode.c.h; path = AppDelegate.h; sourceTree = "<group>"; };
		0B8AEFB7198031EC00BF1FA0 /* AppDelegate.m */ = {isa = PBXFileReference; lastKnownFileType = sourcecode.c.objc; path = AppDelegate.m; sourceTree = "<group>"; };
		0B8AEFBA198031EC00BF1FA0 /* Base */ = {isa = PBXFileReference; lastKnownFileType = file.storyboard; name = Base; path = Base.lproj/Main.storyboard; sourceTree = "<group>"; };
		0B8AEFBC198031EC00BF1FA0 /* ViewController.h */ = {isa = PBXFileReference; lastKnownFileType = sourcecode.c.h; path = ViewController.h; sourceTree = "<group>"; };
		0B8AEFBD198031EC00BF1FA0 /* ViewController.m */ = {isa = PBXFileReference; lastKnownFileType = sourcecode.c.objc; path = ViewController.m; sourceTree = "<group>"; };
		0B8AEFBF198031EC00BF1FA0 /* Images.xcassets */ = {isa = PBXFileReference; lastKnownFileType = folder.assetcatalog; path = Images.xcassets; sourceTree = "<group>"; };
		0B8AEFC5198031EC00BF1FA0 /* MySafariTests.xctest */ = {isa = PBXFileReference; explicitFileType = wrapper.cfbundle; includeInIndex = 0; path = MySafariTests.xctest; sourceTree = BUILT_PRODUCTS_DIR; };
		0B8AEFC6198031EC00BF1FA0 /* XCTest.framework */ = {isa = PBXFileReference; lastKnownFileType = wrapper.framework; name = XCTest.framework; path = Library/Frameworks/XCTest.framework; sourceTree = DEVELOPER_DIR; };
		0B8AEFCE198031EC00BF1FA0 /* MySafariTests-Info.plist */ = {isa = PBXFileReference; lastKnownFileType = text.plist.xml; path = "MySafariTests-Info.plist"; sourceTree = "<group>"; };
		0B8AEFD0198031EC00BF1FA0 /* en */ = {isa = PBXFileReference; lastKnownFileType = text.plist.strings; name = en; path = en.lproj/InfoPlist.strings; sourceTree = "<group>"; };
		0B8AEFD2198031EC00BF1FA0 /* MySafariTests.m */ = {isa = PBXFileReference; lastKnownFileType = sourcecode.c.objc; path = MySafariTests.m; sourceTree = "<group>"; };
/* End PBXFileReference section */

/* Begin PBXFrameworksBuildPhase section */
		0B8AEFA1198031EC00BF1FA0 /* Frameworks */ = {
			isa = PBXFrameworksBuildPhase;
			buildActionMask = 2147483647;
			files = (
				0B8AEFAA198031EC00BF1FA0 /* CoreGraphics.framework in Frameworks */,
				0B8AEFAC198031EC00BF1FA0 /* UIKit.framework in Frameworks */,
				0B8AEFA8198031EC00BF1FA0 /* Foundation.framework in Frameworks */,
			);
			runOnlyForDeploymentPostprocessing = 0;
		};
		0B8AEFC2198031EC00BF1FA0 /* Frameworks */ = {
			isa = PBXFrameworksBuildPhase;
			buildActionMask = 2147483647;
			files = (
				0B8AEFC7198031EC00BF1FA0 /* XCTest.framework in Frameworks */,
				0B8AEFC9198031EC00BF1FA0 /* UIKit.framework in Frameworks */,
				0B8AEFC8198031EC00BF1FA0 /* Foundation.framework in Frameworks */,
			);
			runOnlyForDeploymentPostprocessing = 0;
		};
/* End PBXFrameworksBuildPhase section */

/* Begin PBXGroup section */
		0B8AEF9B198031EC00BF1FA0 = {
			isa = PBXGroup;
			children = (
				0B8AEFAD198031EC00BF1FA0 /* MySafari */,
				0B8AEFCC198031EC00BF1FA0 /* MySafariTests */,
				0B8AEFA6198031EC00BF1FA0 /* Frameworks */,
				0B8AEFA5198031EC00BF1FA0 /* Products */,
			);
			sourceTree = "<group>";
		};
		0B8AEFA5198031EC00BF1FA0 /* Products */ = {
			isa = PBXGroup;
			children = (
				0B8AEFA4198031EC00BF1FA0 /* MySafari.app */,
				0B8AEFC5198031EC00BF1FA0 /* MySafariTests.xctest */,
			);
			name = Products;
			sourceTree = "<group>";
		};
		0B8AEFA6198031EC00BF1FA0 /* Frameworks */ = {
			isa = PBXGroup;
			children = (
				0B8AEFA7198031EC00BF1FA0 /* Foundation.framework */,
				0B8AEFA9198031EC00BF1FA0 /* CoreGraphics.framework */,
				0B8AEFAB198031EC00BF1FA0 /* UIKit.framework */,
				0B8AEFC6198031EC00BF1FA0 /* XCTest.framework */,
			);
			name = Frameworks;
			sourceTree = "<group>";
		};
		0B8AEFAD198031EC00BF1FA0 /* MySafari */ = {
			isa = PBXGroup;
			children = (
				0B8AEFB6198031EC00BF1FA0 /* AppDelegate.h */,
				0B8AEFB7198031EC00BF1FA0 /* AppDelegate.m */,
				0B8AEFB9198031EC00BF1FA0 /* Main.storyboard */,
				0B8AEFBC198031EC00BF1FA0 /* ViewController.h */,
				0B8AEFBD198031EC00BF1FA0 /* ViewController.m */,
				0B8AEFBF198031EC00BF1FA0 /* Images.xcassets */,
				0B8AEFAE198031EC00BF1FA0 /* Supporting Files */,
			);
			path = MySafari;
			sourceTree = "<group>";
		};
		0B8AEFAE198031EC00BF1FA0 /* Supporting Files */ = {
			isa = PBXGroup;
			children = (
				0B8AEFAF198031EC00BF1FA0 /* MySafari-Info.plist */,
				0B8AEFB0198031EC00BF1FA0 /* InfoPlist.strings */,
				0B8AEFB3198031EC00BF1FA0 /* main.m */,
				0B8AEFB5198031EC00BF1FA0 /* MySafari-Prefix.pch */,
			);
			name = "Supporting Files";
			sourceTree = "<group>";
		};
		0B8AEFCC198031EC00BF1FA0 /* MySafariTests */ = {
			isa = PBXGroup;
			children = (
				0B8AEFD2198031EC00BF1FA0 /* MySafariTests.m */,
				0B8AEFCD198031EC00BF1FA0 /* Supporting Files */,
			);
			path = MySafariTests;
			sourceTree = "<group>";
		};
		0B8AEFCD198031EC00BF1FA0 /* Supporting Files */ = {
			isa = PBXGroup;
			children = (
				0B8AEFCE198031EC00BF1FA0 /* MySafariTests-Info.plist */,
				0B8AEFCF198031EC00BF1FA0 /* InfoPlist.strings */,
			);
			name = "Supporting Files";
			sourceTree = "<group>";
		};
/* End PBXGroup section */

/* Begin PBXNativeTarget section */
		0B8AEFA3198031EC00BF1FA0 /* MySafari */ = {
			isa = PBXNativeTarget;
			buildConfigurationList = 0B8AEFD6198031EC00BF1FA0 /* Build configuration list for PBXNativeTarget "MySafari" */;
			buildPhases = (
				0B8AEFA0198031EC00BF1FA0 /* Sources */,
				0B8AEFA1198031EC00BF1FA0 /* Frameworks */,
				0B8AEFA2198031EC00BF1FA0 /* Resources */,
			);
			buildRules = (
			);
			dependencies = (
			);
			name = MySafari;
			productName = MySafari;
			productReference = 0B8AEFA4198031EC00BF1FA0 /* MySafari.app */;
			productType = "com.apple.product-type.application";
		};
		0B8AEFC4198031EC00BF1FA0 /* MySafariTests */ = {
			isa = PBXNativeTarget;
			buildConfigurationList = 0B8AEFD9198031EC00BF1FA0 /* Build configuration list for PBXNativeTarget "MySafariTests" */;
			buildPhases = (
				0B8AEFC1198031EC00BF1FA0 /* Sources */,
				0B8AEFC2198031EC00BF1FA0 /* Frameworks */,
				0B8AEFC3198031EC00BF1FA0 /* Resources */,
			);
			buildRules = (
			);
			dependencies = (
				0B8AEFCB198031EC00BF1FA0 /* PBXTargetDependency */,
			);
			name = MySafariTests;
			productName = MySafariTests;
			productReference = 0B8AEFC5198031EC00BF1FA0 /* MySafariTests.xctest */;
			productType = "com.apple.product-type.bundle.unit-test";
		};
/* End PBXNativeTarget section */

/* Begin PBXProject section */
		0B8AEF9C198031EC00BF1FA0 /* Project object */ = {
			isa = PBXProject;
			attributes = {
				LastUpgradeCheck = 0510;
				ORGANIZATIONNAME = "John Blanchard";
				TargetAttributes = {
					0B8AEFC4198031EC00BF1FA0 = {
						TestTargetID = 0B8AEFA3198031EC00BF1FA0;
					};
				};
			};
			buildConfigurationList = 0B8AEF9F198031EC00BF1FA0 /* Build configuration list for PBXProject "MySafari" */;
			compatibilityVersion = "Xcode 3.2";
			developmentRegion = English;
			hasScannedForEncodings = 0;
			knownRegions = (
				en,
				Base,
			);
			mainGroup = 0B8AEF9B198031EC00BF1FA0;
			productRefGroup = 0B8AEFA5198031EC00BF1FA0 /* Products */;
			projectDirPath = "";
			projectRoot = "";
			targets = (
				0B8AEFA3198031EC00BF1FA0 /* MySafari */,
				0B8AEFC4198031EC00BF1FA0 /* MySafariTests */,
			);
		};
/* End PBXProject section */

/* Begin PBXResourcesBuildPhase section */
		0B8AEFA2198031EC00BF1FA0 /* Resources */ = {
			isa = PBXResourcesBuildPhase;
			buildActionMask = 2147483647;
			files = (
				0B8AEFC0198031EC00BF1FA0 /* Images.xcassets in Resources */,
				0B8AEFB2198031EC00BF1FA0 /* InfoPlist.strings in Resources */,
				0B8AEFBB198031EC00BF1FA0 /* Main.storyboard in Resources */,
			);
			runOnlyForDeploymentPostprocessing = 0;
		};
		0B8AEFC3198031EC00BF1FA0 /* Resources */ = {
			isa = PBXResourcesBuildPhase;
			buildActionMask = 2147483647;
			files = (
				0B8AEFD1198031EC00BF1FA0 /* InfoPlist.strings in Resources */,
			);
			runOnlyForDeploymentPostprocessing = 0;
		};
/* End PBXResourcesBuildPhase section */

/* Begin PBXSourcesBuildPhase section */
		0B8AEFA0198031EC00BF1FA0 /* Sources */ = {
			isa = PBXSourcesBuildPhase;
			buildActionMask = 2147483647;
			files = (
				0B8AEFBE198031EC00BF1FA0 /* ViewController.m in Sources */,
				0B8AEFB8198031EC00BF1FA0 /* AppDelegate.m in Sources */,
				0B8AEFB4198031EC00BF1FA0 /* main.m in Sources */,
			);
			runOnlyForDeploymentPostprocessing = 0;
		};
		0B8AEFC1198031EC00BF1FA0 /* Sources */ = {
			isa = PBXSourcesBuildPhase;
			buildActionMask = 2147483647;
			files = (
				0B8AEFD3198031EC00BF1FA0 /* MySafariTests.m in Sources */,
			);
			runOnlyForDeploymentPostprocessing = 0;
		};
/* End PBXSourcesBuildPhase section */

/* Begin PBXTargetDependency section */
		0B8AEFCB198031EC00BF1FA0 /* PBXTargetDependency */ = {
			isa = PBXTargetDependency;
			target = 0B8AEFA3198031EC00BF1FA0 /* MySafari */;
			targetProxy = 0B8AEFCA198031EC00BF1FA0 /* PBXContainerItemProxy */;
		};
/* End PBXTargetDependency section */

/* Begin PBXVariantGroup section */
		0B8AEFB0198031EC00BF1FA0 /* InfoPlist.strings */ = {
			isa = PBXVariantGroup;
			children = (
				0B8AEFB1198031EC00BF1FA0 /* en */,
			);
			name = InfoPlist.strings;
			sourceTree = "<group>";
		};
		0B8AEFB9198031EC00BF1FA0 /* Main.storyboard */ = {
			isa = PBXVariantGroup;
			children = (
				0B8AEFBA198031EC00BF1FA0 /* Base */,
			);
			name = Main.storyboard;
			sourceTree = "<group>";
		};
		0B8AEFCF198031EC00BF1FA0 /* InfoPlist.strings */ = {
			isa = PBXVariantGroup;
			children = (
				0B8AEFD0198031EC00BF1FA0 /* en */,
			);
			name = InfoPlist.strings;
			sourceTree = "<group>";
		};
/* End PBXVariantGroup section */

/* Begin XCBuildConfiguration section */
		0B8AEFD4198031EC00BF1FA0 /* Debug */ = {
			isa = XCBuildConfiguration;
			buildSettings = {
				ALWAYS_SEARCH_USER_PATHS = NO;
				CLANG_CXX_LANGUAGE_STANDARD = "gnu++0x";
				CLANG_CXX_LIBRARY = "libc++";
				CLANG_ENABLE_MODULES = YES;
				CLANG_ENABLE_OBJC_ARC = YES;
				CLANG_WARN_BOOL_CONVERSION = YES;
				CLANG_WARN_CONSTANT_CONVERSION = YES;
				CLANG_WARN_DIRECT_OBJC_ISA_USAGE = YES_ERROR;
				CLANG_WARN_EMPTY_BODY = YES;
				CLANG_WARN_ENUM_CONVERSION = YES;
				CLANG_WARN_INT_CONVERSION = YES;
				CLANG_WARN_OBJC_ROOT_CLASS = YES_ERROR;
				CLANG_WARN__DUPLICATE_METHOD_MATCH = YES;
				"CODE_SIGN_IDENTITY[sdk=iphoneos*]" = "iPhone Developer";
				COPY_PHASE_STRIP = NO;
				GCC_C_LANGUAGE_STANDARD = gnu99;
				GCC_DYNAMIC_NO_PIC = NO;
				GCC_OPTIMIZATION_LEVEL = 0;
				GCC_PREPROCESSOR_DEFINITIONS = (
					"DEBUG=1",
					"$(inherited)",
				);
				GCC_SYMBOLS_PRIVATE_EXTERN = NO;
				GCC_WARN_64_TO_32_BIT_CONVERSION = YES;
				GCC_WARN_ABOUT_RETURN_TYPE = YES_ERROR;
				GCC_WARN_UNDECLARED_SELECTOR = YES;
				GCC_WARN_UNINITIALIZED_AUTOS = YES_AGGRESSIVE;
				GCC_WARN_UNUSED_FUNCTION = YES;
				GCC_WARN_UNUSED_VARIABLE = YES;
				IPHONEOS_DEPLOYMENT_TARGET = 7.1;
				ONLY_ACTIVE_ARCH = YES;
				SDKROOT = iphoneos;
			};
			name = Debug;
		};
		0B8AEFD5198031EC00BF1FA0 /* Release */ = {
			isa = XCBuildConfiguration;
			buildSettings = {
				ALWAYS_SEARCH_USER_PATHS = NO;
				CLANG_CXX_LANGUAGE_STANDARD = "gnu++0x";
				CLANG_CXX_LIBRARY = "libc++";
				CLANG_ENABLE_MODULES = YES;
				CLANG_ENABLE_OBJC_ARC = YES;
				CLANG_WARN_BOOL_CONVERSION = YES;
				CLANG_WARN_CONSTANT_CONVERSION = YES;
				CLANG_WARN_DIRECT_OBJC_ISA_USAGE = YES_ERROR;
				CLANG_WARN_EMPTY_BODY = YES;
				CLANG_WARN_ENUM_CONVERSION = YES;
				CLANG_WARN_INT_CONVERSION = YES;
				CLANG_WARN_OBJC_ROOT_CLASS = YES_ERROR;
				CLANG_WARN__DUPLICATE_METHOD_MATCH = YES;
				"CODE_SIGN_IDENTITY[sdk=iphoneos*]" = "iPhone Developer";
				COPY_PHASE_STRIP = YES;
				ENABLE_NS_ASSERTIONS = NO;
				GCC_C_LANGUAGE_STANDARD = gnu99;
				GCC_WARN_64_TO_32_BIT_CONVERSION = YES;
				GCC_WARN_ABOUT_RETURN_TYPE = YES_ERROR;
				GCC_WARN_UNDECLARED_SELECTOR = YES;
				GCC_WARN_UNINITIALIZED_AUTOS = YES_AGGRESSIVE;
				GCC_WARN_UNUSED_FUNCTION = YES;
				GCC_WARN_UNUSED_VARIABLE = YES;
				IPHONEOS_DEPLOYMENT_TARGET = 7.1;
				SDKROOT = iphoneos;
				VALIDATE_PRODUCT = YES;
			};
			name = Release;
		};
		0B8AEFD7198031EC00BF1FA0 /* Debug */ = {
			isa = XCBuildConfiguration;
			buildSettings = {
				ASSETCATALOG_COMPILER_APPICON_NAME = AppIcon;
				ASSETCATALOG_COMPILER_LAUNCHIMAGE_NAME = LaunchImage;
				GCC_PRECOMPILE_PREFIX_HEADER = YES;
				GCC_PREFIX_HEADER = "MySafari/MySafari-Prefix.pch";
				INFOPLIST_FILE = "MySafari/MySafari-Info.plist";
				PRODUCT_NAME = "$(TARGET_NAME)";
				WRAPPER_EXTENSION = app;
			};
			name = Debug;
		};
		0B8AEFD8198031EC00BF1FA0 /* Release */ = {
			isa = XCBuildConfiguration;
			buildSettings = {
				ASSETCATALOG_COMPILER_APPICON_NAME = AppIcon;
				ASSETCATALOG_COMPILER_LAUNCHIMAGE_NAME = LaunchImage;
				GCC_PRECOMPILE_PREFIX_HEADER = YES;
				GCC_PREFIX_HEADER = "MySafari/MySafari-Prefix.pch";
				INFOPLIST_FILE = "MySafari/MySafari-Info.plist";
				PRODUCT_NAME = "$(TARGET_NAME)";
				WRAPPER_EXTENSION = app;
			};
			name = Release;
		};
		0B8AEFDA198031EC00BF1FA0 /* Debug */ = {
			isa = XCBuildConfiguration;
			buildSettings = {
				BUNDLE_LOADER = "$(BUILT_PRODUCTS_DIR)/MySafari.app/MySafari";
				FRAMEWORK_SEARCH_PATHS = (
					"$(SDKROOT)/Developer/Library/Frameworks",
					"$(inherited)",
					"$(DEVELOPER_FRAMEWORKS_DIR)",
				);
				GCC_PRECOMPILE_PREFIX_HEADER = YES;
				GCC_PREFIX_HEADER = "MySafari/MySafari-Prefix.pch";
				GCC_PREPROCESSOR_DEFINITIONS = (
					"DEBUG=1",
					"$(inherited)",
				);
				INFOPLIST_FILE = "MySafariTests/MySafariTests-Info.plist";
				PRODUCT_NAME = "$(TARGET_NAME)";
				TEST_HOST = "$(BUNDLE_LOADER)";
				WRAPPER_EXTENSION = xctest;
			};
			name = Debug;
		};
		0B8AEFDB198031EC00BF1FA0 /* Release */ = {
			isa = XCBuildConfiguration;
			buildSettings = {
				BUNDLE_LOADER = "$(BUILT_PRODUCTS_DIR)/MySafari.app/MySafari";
				FRAMEWORK_SEARCH_PATHS = (
					"$(SDKROOT)/Developer/Library/Frameworks",
					"$(inherited)",
					"$(DEVELOPER_FRAMEWORKS_DIR)",
				);
				GCC_PRECOMPILE_PREFIX_HEADER = YES;
				GCC_PREFIX_HEADER = "MySafari/MySafari-Prefix.pch";
				INFOPLIST_FILE = "MySafariTests/MySafariTests-Info.plist";
				PRODUCT_NAME = "$(TARGET_NAME)";
				TEST_HOST = "$(BUNDLE_LOADER)";
				WRAPPER_EXTENSION = xctest;
			};
			name = Release;
		};
/* End XCBuildConfiguration section */

/* Begin XCConfigurationList section */
		0B8AEF9F198031EC00BF1FA0 /* Build configuration list for PBXProject "MySafari" */ = {
			isa = XCConfigurationList;
			buildConfigurations = (
				0B8AEFD4198031EC00BF1FA0 /* Debug */,
				0B8AEFD5198031EC00BF1FA0 /* Release */,
			);
			defaultConfigurationIsVisible = 0;
			defaultConfigurationName = Release;
		};
		0B8AEFD6198031EC00BF1FA0 /* Build configuration list for PBXNativeTarget "MySafari" */ = {
			isa = XCConfigurationList;
			buildConfigurations = (
				0B8AEFD7198031EC00BF1FA0 /* Debug */,
				0B8AEFD8198031EC00BF1FA0 /* Release */,
			);
			defaultConfigurationIsVisible = 0;
		};
		0B8AEFD9198031EC00BF1FA0 /* Build configuration list for PBXNativeTarget "MySafariTests" */ = {
			isa = XCConfigurationList;
			buildConfigurations = (
				0B8AEFDA198031EC00BF1FA0 /* Debug */,
				0B8AEFDB198031EC00BF1FA0 /* Release */,
			);
			defaultConfigurationIsVisible = 0;
		};
/* End XCConfigurationList section */
	};
	rootObject = 0B8AEF9C198031EC00BF1FA0 /* Project object */;
}
